// !$*UTF8*$!
{
	archiveVersion = 1;
	classes = {
	};
	objectVersion = 77;
	objects = {

/* Begin PBXContainerItemProxy section */
		AC417E792D94A3D900DE068F /* PBXContainerItemProxy */ = {
			isa = PBXContainerItemProxy;
			containerPortal = AC417E602D94A3D800DE068F /* Project object */;
			proxyType = 1;
			remoteGlobalIDString = AC417E672D94A3D800DE068F;
			remoteInfo = poker_chips;
		};
		AC417E832D94A3D900DE068F /* PBXContainerItemProxy */ = {
			isa = PBXContainerItemProxy;
			containerPortal = AC417E602D94A3D800DE068F /* Project object */;
			proxyType = 1;
			remoteGlobalIDString = AC417E672D94A3D800DE068F;
			remoteInfo = poker_chips;
		};
/* End PBXContainerItemProxy section */

/* Begin PBXFileReference section */
		AC417E682D94A3D800DE068F /* poker_chips.app */ = {isa = PBXFileReference; explicitFileType = wrapper.application; includeInIndex = 0; path = poker_chips.app; sourceTree = BUILT_PRODUCTS_DIR; };
		AC417E782D94A3D900DE068F /* poker_chipsTests.xctest */ = {isa = PBXFileReference; explicitFileType = wrapper.cfbundle; includeInIndex = 0; path = poker_chipsTests.xctest; sourceTree = BUILT_PRODUCTS_DIR; };
		AC417E822D94A3D900DE068F /* poker_chipsUITests.xctest */ = {isa = PBXFileReference; explicitFileType = wrapper.cfbundle; includeInIndex = 0; path = poker_chipsUITests.xctest; sourceTree = BUILT_PRODUCTS_DIR; };
/* End PBXFileReference section */

/* Begin PBXFileSystemSynchronizedRootGroup section */
		AC417E6A2D94A3D800DE068F /* poker_chips */ = {
			isa = PBXFileSystemSynchronizedRootGroup;
			path = poker_chips;
			sourceTree = "<group>";
		};
		AC417E7B2D94A3D900DE068F /* poker_chipsTests */ = {
			isa = PBXFileSystemSynchronizedRootGroup;
			path = poker_chipsTests;
			sourceTree = "<group>";
		};
		AC417E852D94A3D900DE068F /* poker_chipsUITests */ = {
			isa = PBXFileSystemSynchronizedRootGroup;
			path = poker_chipsUITests;
			sourceTree = "<group>";
		};
/* End PBXFileSystemSynchronizedRootGroup section */

/* Begin PBXFrameworksBuildPhase section */
		AC417E652D94A3D800DE068F /* Frameworks */ = {
			isa = PBXFrameworksBuildPhase;
			buildActionMask = 2147483647;
			files = (
			);
			runOnlyForDeploymentPostprocessing = 0;
		};
		AC417E752D94A3D900DE068F /* Frameworks */ = {
			isa = PBXFrameworksBuildPhase;
			buildActionMask = 2147483647;
			files = (
			);
			runOnlyForDeploymentPostprocessing = 0;
		};
		AC417E7F2D94A3D900DE068F /* Frameworks */ = {
			isa = PBXFrameworksBuildPhase;
			buildActionMask = 2147483647;
			files = (
			);
			runOnlyForDeploymentPostprocessing = 0;
		};
/* End PBXFrameworksBuildPhase section */

/* Begin PBXGroup section */
		AC417E5F2D94A3D800DE068F = {
			isa = PBXGroup;
			children = (
				AC417E6A2D94A3D800DE068F /* poker_chips */,
				AC417E7B2D94A3D900DE068F /* poker_chipsTests */,
				AC417E852D94A3D900DE068F /* poker_chipsUITests */,
				AC417E692D94A3D800DE068F /* Products */,
			);
			sourceTree = "<group>";
		};
		AC417E692D94A3D800DE068F /* Products */ = {
			isa = PBXGroup;
			children = (
				AC417E682D94A3D800DE068F /* poker_chips.app */,
				AC417E782D94A3D900DE068F /* poker_chipsTests.xctest */,
				AC417E822D94A3D900DE068F /* poker_chipsUITests.xctest */,
			);
			name = Products;
			sourceTree = "<group>";
		};
/* End PBXGroup section */

/* Begin PBXNativeTarget section */
		AC417E672D94A3D800DE068F /* poker_chips */ = {
			isa = PBXNativeTarget;
			buildConfigurationList = AC417E8C2D94A3D900DE068F /* Build configuration list for PBXNativeTarget "poker_chips" */;
			buildPhases = (
				AC417E642D94A3D800DE068F /* Sources */,
				AC417E652D94A3D800DE068F /* Frameworks */,
				AC417E662D94A3D800DE068F /* Resources */,
			);
			buildRules = (
			);
			dependencies = (
			);
			fileSystemSynchronizedGroups = (
				AC417E6A2D94A3D800DE068F /* poker_chips */,
			);
			name = poker_chips;
			packageProductDependencies = (
			);
			productName = poker_chips;
			productReference = AC417E682D94A3D800DE068F /* poker_chips.app */;
			productType = "com.apple.product-type.application";
		};
		AC417E772D94A3D900DE068F /* poker_chipsTests */ = {
			isa = PBXNativeTarget;
			buildConfigurationList = AC417E8F2D94A3D900DE068F /* Build configuration list for PBXNativeTarget "poker_chipsTests" */;
			buildPhases = (
				AC417E742D94A3D900DE068F /* Sources */,
				AC417E752D94A3D900DE068F /* Frameworks */,
				AC417E762D94A3D900DE068F /* Resources */,
			);
			buildRules = (
			);
			dependencies = (
				AC417E7A2D94A3D900DE068F /* PBXTargetDependency */,
			);
			fileSystemSynchronizedGroups = (
				AC417E7B2D94A3D900DE068F /* poker_chipsTests */,
			);
			name = poker_chipsTests;
			packageProductDependencies = (
			);
			productName = poker_chipsTests;
			productReference = AC417E782D94A3D900DE068F /* poker_chipsTests.xctest */;
			productType = "com.apple.product-type.bundle.unit-test";
		};
		AC417E812D94A3D900DE068F /* poker_chipsUITests */ = {
			isa = PBXNativeTarget;
			buildConfigurationList = AC417E922D94A3D900DE068F /* Build configuration list for PBXNativeTarget "poker_chipsUITests" */;
			buildPhases = (
				AC417E7E2D94A3D900DE068F /* Sources */,
				AC417E7F2D94A3D900DE068F /* Frameworks */,
				AC417E802D94A3D900DE068F /* Resources */,
			);
			buildRules = (
			);
			dependencies = (
				AC417E842D94A3D900DE068F /* PBXTargetDependency */,
			);
			fileSystemSynchronizedGroups = (
				AC417E852D94A3D900DE068F /* poker_chipsUITests */,
			);
			name = poker_chipsUITests;
			packageProductDependencies = (
			);
			productName = poker_chipsUITests;
			productReference = AC417E822D94A3D900DE068F /* poker_chipsUITests.xctest */;
			productType = "com.apple.product-type.bundle.ui-testing";
		};
/* End PBXNativeTarget section */

/* Begin PBXProject section */
		AC417E602D94A3D800DE068F /* Project object */ = {
			isa = PBXProject;
			attributes = {
				BuildIndependentTargetsInParallel = 1;
				LastSwiftUpdateCheck = 1620;
				LastUpgradeCheck = 1620;
				TargetAttributes = {
					AC417E672D94A3D800DE068F = {
						CreatedOnToolsVersion = 16.2;
					};
					AC417E772D94A3D900DE068F = {
						CreatedOnToolsVersion = 16.2;
						TestTargetID = AC417E672D94A3D800DE068F;
					};
					AC417E812D94A3D900DE068F = {
						CreatedOnToolsVersion = 16.2;
						TestTargetID = AC417E672D94A3D800DE068F;
					};
				};
			};
			buildConfigurationList = AC417E632D94A3D800DE068F /* Build configuration list for PBXProject "poker_chips" */;
			developmentRegion = en;
			hasScannedForEncodings = 0;
			knownRegions = (
				en,
				Base,
			);
			mainGroup = AC417E5F2D94A3D800DE068F;
			minimizedProjectReferenceProxies = 1;
			preferredProjectObjectVersion = 77;
			productRefGroup = AC417E692D94A3D800DE068F /* Products */;
			projectDirPath = "";
			projectRoot = "";
			targets = (
				AC417E672D94A3D800DE068F /* poker_chips */,
				AC417E772D94A3D900DE068F /* poker_chipsTests */,
				AC417E812D94A3D900DE068F /* poker_chipsUITests */,
			);
		};
/* End PBXProject section */

/* Begin PBXResourcesBuildPhase section */
		AC417E662D94A3D800DE068F /* Resources */ = {
			isa = PBXResourcesBuildPhase;
			buildActionMask = 2147483647;
			files = (
			);
			runOnlyForDeploymentPostprocessing = 0;
		};
		AC417E762D94A3D900DE068F /* Resources */ = {
			isa = PBXResourcesBuildPhase;
			buildActionMask = 2147483647;
			files = (
			);
			runOnlyForDeploymentPostprocessing = 0;
		};
		AC417E802D94A3D900DE068F /* Resources */ = {
			isa = PBXResourcesBuildPhase;
			buildActionMask = 2147483647;
			files = (
			);
			runOnlyForDeploymentPostprocessing = 0;
		};
/* End PBXResourcesBuildPhase section */

/* Begin PBXSourcesBuildPhase section */
		AC417E642D94A3D800DE068F /* Sources */ = {
			isa = PBXSourcesBuildPhase;
			buildActionMask = 2147483647;
			files = (
			);
			runOnlyForDeploymentPostprocessing = 0;
		};
		AC417E742D94A3D900DE068F /* Sources */ = {
			isa = PBXSourcesBuildPhase;
			buildActionMask = 2147483647;
			files = (
			);
			runOnlyForDeploymentPostprocessing = 0;
		};
		AC417E7E2D94A3D900DE068F /* Sources */ = {
			isa = PBXSourcesBuildPhase;
			buildActionMask = 2147483647;
			files = (
			);
			runOnlyForDeploymentPostprocessing = 0;
		};
/* End PBXSourcesBuildPhase section */

/* Begin PBXTargetDependency section */
		AC417E7A2D94A3D900DE068F /* PBXTargetDependency */ = {
			isa = PBXTargetDependency;
			target = AC417E672D94A3D800DE068F /* poker_chips */;
			targetProxy = AC417E792D94A3D900DE068F /* PBXContainerItemProxy */;
		};
		AC417E842D94A3D900DE068F /* PBXTargetDependency */ = {
			isa = PBXTargetDependency;
			target = AC417E672D94A3D800DE068F /* poker_chips */;
			targetProxy = AC417E832D94A3D900DE068F /* PBXContainerItemProxy */;
		};
/* End PBXTargetDependency section */

/* Begin XCBuildConfiguration section */
		AC417E8A2D94A3D900DE068F /* Debug */ = {
			isa = XCBuildConfiguration;
			buildSettings = {
				ALWAYS_SEARCH_USER_PATHS = NO;
				ASSETCATALOG_COMPILER_GENERATE_SWIFT_ASSET_SYMBOL_EXTENSIONS = YES;
				CLANG_ANALYZER_NONNULL = YES;
				CLANG_ANALYZER_NUMBER_OBJECT_CONVERSION = YES_AGGRESSIVE;
				CLANG_CXX_LANGUAGE_STANDARD = "gnu++20";
				CLANG_ENABLE_MODULES = YES;
				CLANG_ENABLE_OBJC_ARC = YES;
				CLANG_ENABLE_OBJC_WEAK = YES;
				CLANG_WARN_BLOCK_CAPTURE_AUTORELEASING = YES;
				CLANG_WARN_BOOL_CONVERSION = YES;
				CLANG_WARN_COMMA = YES;
				CLANG_WARN_CONSTANT_CONVERSION = YES;
				CLANG_WARN_DEPRECATED_OBJC_IMPLEMENTATIONS = YES;
				CLANG_WARN_DIRECT_OBJC_ISA_USAGE = YES_ERROR;
				CLANG_WARN_DOCUMENTATION_COMMENTS = YES;
				CLANG_WARN_EMPTY_BODY = YES;
				CLANG_WARN_ENUM_CONVERSION = YES;
				CLANG_WARN_INFINITE_RECURSION = YES;
				CLANG_WARN_INT_CONVERSION = YES;
				CLANG_WARN_NON_LITERAL_NULL_CONVERSION = YES;
				CLANG_WARN_OBJC_IMPLICIT_RETAIN_SELF = YES;
				CLANG_WARN_OBJC_LITERAL_CONVERSION = YES;
				CLANG_WARN_OBJC_ROOT_CLASS = YES_ERROR;
				CLANG_WARN_QUOTED_INCLUDE_IN_FRAMEWORK_HEADER = YES;
				CLANG_WARN_RANGE_LOOP_ANALYSIS = YES;
				CLANG_WARN_STRICT_PROTOTYPES = YES;
				CLANG_WARN_SUSPICIOUS_MOVE = YES;
				CLANG_WARN_UNGUARDED_AVAILABILITY = YES_AGGRESSIVE;
				CLANG_WARN_UNREACHABLE_CODE = YES;
				CLANG_WARN__DUPLICATE_METHOD_MATCH = YES;
				COPY_PHASE_STRIP = NO;
				DEBUG_INFORMATION_FORMAT = dwarf;
				ENABLE_STRICT_OBJC_MSGSEND = YES;
				ENABLE_TESTABILITY = YES;
				ENABLE_USER_SCRIPT_SANDBOXING = YES;
				GCC_C_LANGUAGE_STANDARD = gnu17;
				GCC_DYNAMIC_NO_PIC = NO;
				GCC_NO_COMMON_BLOCKS = YES;
				GCC_OPTIMIZATION_LEVEL = 0;
				GCC_PREPROCESSOR_DEFINITIONS = (
					"DEBUG=1",
					"$(inherited)",
				);
				GCC_WARN_64_TO_32_BIT_CONVERSION = YES;
				GCC_WARN_ABOUT_RETURN_TYPE = YES_ERROR;
				GCC_WARN_UNDECLARED_SELECTOR = YES;
				GCC_WARN_UNINITIALIZED_AUTOS = YES_AGGRESSIVE;
				GCC_WARN_UNUSED_FUNCTION = YES;
				GCC_WARN_UNUSED_VARIABLE = YES;
				IPHONEOS_DEPLOYMENT_TARGET = 18.2;
				LOCALIZATION_PREFERS_STRING_CATALOGS = YES;
				MTL_ENABLE_DEBUG_INFO = INCLUDE_SOURCE;
				MTL_FAST_MATH = YES;
				ONLY_ACTIVE_ARCH = YES;
				SDKROOT = iphoneos;
				SWIFT_ACTIVE_COMPILATION_CONDITIONS = "DEBUG $(inherited)";
				SWIFT_OPTIMIZATION_LEVEL = "-Onone";
			};
			name = Debug;
		};
		AC417E8B2D94A3D900DE068F /* Release */ = {
			isa = XCBuildConfiguration;
			buildSettings = {
				ALWAYS_SEARCH_USER_PATHS = NO;
				ASSETCATALOG_COMPILER_GENERATE_SWIFT_ASSET_SYMBOL_EXTENSIONS = YES;
				CLANG_ANALYZER_NONNULL = YES;
				CLANG_ANALYZER_NUMBER_OBJECT_CONVERSION = YES_AGGRESSIVE;
				CLANG_CXX_LANGUAGE_STANDARD = "gnu++20";
				CLANG_ENABLE_MODULES = YES;
				CLANG_ENABLE_OBJC_ARC = YES;
				CLANG_ENABLE_OBJC_WEAK = YES;
				CLANG_WARN_BLOCK_CAPTURE_AUTORELEASING = YES;
				CLANG_WARN_BOOL_CONVERSION = YES;
				CLANG_WARN_COMMA = YES;
				CLANG_WARN_CONSTANT_CONVERSION = YES;
				CLANG_WARN_DEPRECATED_OBJC_IMPLEMENTATIONS = YES;
				CLANG_WARN_DIRECT_OBJC_ISA_USAGE = YES_ERROR;
				CLANG_WARN_DOCUMENTATION_COMMENTS = YES;
				CLANG_WARN_EMPTY_BODY = YES;
				CLANG_WARN_ENUM_CONVERSION = YES;
				CLANG_WARN_INFINITE_RECURSION = YES;
				CLANG_WARN_INT_CONVERSION = YES;
				CLANG_WARN_NON_LITERAL_NULL_CONVERSION = YES;
				CLANG_WARN_OBJC_IMPLICIT_RETAIN_SELF = YES;
				CLANG_WARN_OBJC_LITERAL_CONVERSION = YES;
				CLANG_WARN_OBJC_ROOT_CLASS = YES_ERROR;
				CLANG_WARN_QUOTED_INCLUDE_IN_FRAMEWORK_HEADER = YES;
				CLANG_WARN_RANGE_LOOP_ANALYSIS = YES;
				CLANG_WARN_STRICT_PROTOTYPES = YES;
				CLANG_WARN_SUSPICIOUS_MOVE = YES;
				CLANG_WARN_UNGUARDED_AVAILABILITY = YES_AGGRESSIVE;
				CLANG_WARN_UNREACHABLE_CODE = YES;
				CLANG_WARN__DUPLICATE_METHOD_MATCH = YES;
				COPY_PHASE_STRIP = NO;
				DEBUG_INFORMATION_FORMAT = "dwarf-with-dsym";
				ENABLE_NS_ASSERTIONS = NO;
				ENABLE_STRICT_OBJC_MSGSEND = YES;
				ENABLE_USER_SCRIPT_SANDBOXING = YES;
				GCC_C_LANGUAGE_STANDARD = gnu17;
				GCC_NO_COMMON_BLOCKS = YES;
				GCC_WARN_64_TO_32_BIT_CONVERSION = YES;
				GCC_WARN_ABOUT_RETURN_TYPE = YES_ERROR;
				GCC_WARN_UNDECLARED_SELECTOR = YES;
				GCC_WARN_UNINITIALIZED_AUTOS = YES_AGGRESSIVE;
				GCC_WARN_UNUSED_FUNCTION = YES;
				GCC_WARN_UNUSED_VARIABLE = YES;
				IPHONEOS_DEPLOYMENT_TARGET = 18.2;
				LOCALIZATION_PREFERS_STRING_CATALOGS = YES;
				MTL_ENABLE_DEBUG_INFO = NO;
				MTL_FAST_MATH = YES;
				SDKROOT = iphoneos;
				SWIFT_COMPILATION_MODE = wholemodule;
				VALIDATE_PRODUCT = YES;
			};
			name = Release;
		};
		AC417E8D2D94A3D900DE068F /* Debug */ = {
			isa = XCBuildConfiguration;
			buildSettings = {
				ASSETCATALOG_COMPILER_APPICON_NAME = AppIcon;
				ASSETCATALOG_COMPILER_GLOBAL_ACCENT_COLOR_NAME = AccentColor;
				CODE_SIGN_STYLE = Automatic;
				CURRENT_PROJECT_VERSION = 1;
				DEVELOPMENT_ASSET_PATHS = "\"poker_chips/Preview Content\"";
				DEVELOPMENT_TEAM = M4TWZVSUR8;
				ENABLE_PREVIEWS = YES;
				GENERATE_INFOPLIST_FILE = YES;
				INFOPLIST_KEY_UIApplicationSceneManifest_Generation = YES;
				INFOPLIST_KEY_UIApplicationSupportsIndirectInputEvents = YES;
				INFOPLIST_KEY_UILaunchScreen_Generation = YES;
				INFOPLIST_KEY_UISupportedInterfaceOrientations_iPad = "UIInterfaceOrientationPortrait UIInterfaceOrientationPortraitUpsideDown UIInterfaceOrientationLandscapeLeft UIInterfaceOrientationLandscapeRight";
				INFOPLIST_KEY_UISupportedInterfaceOrientations_iPhone = "UIInterfaceOrientationPortrait UIInterfaceOrientationLandscapeLeft UIInterfaceOrientationLandscapeRight";
				LD_RUNPATH_SEARCH_PATHS = (
					"$(inherited)",
					"@executable_path/Frameworks",
				);
				MARKETING_VERSION = 1.0;
				PRODUCT_BUNDLE_IDENTIFIER = "test.poker-chips";
				PRODUCT_NAME = "$(TARGET_NAME)";
				SWIFT_EMIT_LOC_STRINGS = YES;
				SWIFT_VERSION = 5.0;
				TARGETED_DEVICE_FAMILY = "1,2";
			};
			name = Debug;
		};
		AC417E8E2D94A3D900DE068F /* Release */ = {
			isa = XCBuildConfiguration;
			buildSettings = {
				ASSETCATALOG_COMPILER_APPICON_NAME = AppIcon;
				ASSETCATALOG_COMPILER_GLOBAL_ACCENT_COLOR_NAME = AccentColor;
				CODE_SIGN_STYLE = Automatic;
				CURRENT_PROJECT_VERSION = 1;
				DEVELOPMENT_ASSET_PATHS = "\"poker_chips/Preview Content\"";
				DEVELOPMENT_TEAM = M4TWZVSUR8;
				ENABLE_PREVIEWS = YES;
				GENERATE_INFOPLIST_FILE = YES;
				INFOPLIST_KEY_UIApplicationSceneManifest_Generation = YES;
				INFOPLIST_KEY_UIApplicationSupportsIndirectInputEvents = YES;
				INFOPLIST_KEY_UILaunchScreen_Generation = YES;
				INFOPLIST_KEY_UISupportedInterfaceOrientations_iPad = "UIInterfaceOrientationPortrait UIInterfaceOrientationPortraitUpsideDown UIInterfaceOrientationLandscapeLeft UIInterfaceOrientationLandscapeRight";
				INFOPLIST_KEY_UISupportedInterfaceOrientations_iPhone = "UIInterfaceOrientationPortrait UIInterfaceOrientationLandscapeLeft UIInterfaceOrientationLandscapeRight";
				LD_RUNPATH_SEARCH_PATHS = (
					"$(inherited)",
					"@executable_path/Frameworks",
				);
				MARKETING_VERSION = 1.0;
				PRODUCT_BUNDLE_IDENTIFIER = "test.poker-chips";
				PRODUCT_NAME = "$(TARGET_NAME)";
				SWIFT_EMIT_LOC_STRINGS = YES;
				SWIFT_VERSION = 5.0;
				TARGETED_DEVICE_FAMILY = "1,2";
			};
			name = Release;
		};
		AC417E902D94A3D900DE068F /* Debug */ = {
			isa = XCBuildConfiguration;
			buildSettings = {
				BUNDLE_LOADER = "$(TEST_HOST)";
				CODE_SIGN_STYLE = Automatic;
				CURRENT_PROJECT_VERSION = 1;
				DEVELOPMENT_TEAM = M4TWZVSUR8;
				GENERATE_INFOPLIST_FILE = YES;
				IPHONEOS_DEPLOYMENT_TARGET = 18.2;
				MARKETING_VERSION = 1.0;
				PRODUCT_BUNDLE_IDENTIFIER = "test.poker-chipsTests";
				PRODUCT_NAME = "$(TARGET_NAME)";
				SWIFT_EMIT_LOC_STRINGS = NO;
				SWIFT_VERSION = 5.0;
				TARGETED_DEVICE_FAMILY = "1,2";
				TEST_HOST = "$(BUILT_PRODUCTS_DIR)/poker_chips.app/$(BUNDLE_EXECUTABLE_FOLDER_PATH)/poker_chips";
			};
			name = Debug;
		};
		AC417E912D94A3D900DE068F /* Release */ = {
			isa = XCBuildConfiguration;
			buildSettings = {
				BUNDLE_LOADER = "$(TEST_HOST)";
				CODE_SIGN_STYLE = Automatic;
				CURRENT_PROJECT_VERSION = 1;
				DEVELOPMENT_TEAM = M4TWZVSUR8;
				GENERATE_INFOPLIST_FILE = YES;
				IPHONEOS_DEPLOYMENT_TARGET = 18.2;
				MARKETING_VERSION = 1.0;
				PRODUCT_BUNDLE_IDENTIFIER = "test.poker-chipsTests";
				PRODUCT_NAME = "$(TARGET_NAME)";
				SWIFT_EMIT_LOC_STRINGS = NO;
				SWIFT_VERSION = 5.0;
				TARGETED_DEVICE_FAMILY = "1,2";
				TEST_HOST = "$(BUILT_PRODUCTS_DIR)/poker_chips.app/$(BUNDLE_EXECUTABLE_FOLDER_PATH)/poker_chips";
			};
			name = Release;
		};
		AC417E932D94A3D900DE068F /* Debug */ = {
			isa = XCBuildConfiguration;
			buildSettings = {
				CODE_SIGN_STYLE = Automatic;
				CURRENT_PROJECT_VERSION = 1;
				DEVELOPMENT_TEAM = M4TWZVSUR8;
				GENERATE_INFOPLIST_FILE = YES;
				MARKETING_VERSION = 1.0;
				PRODUCT_BUNDLE_IDENTIFIER = "test.poker-chipsUITests";
				PRODUCT_NAME = "$(TARGET_NAME)";
				SWIFT_EMIT_LOC_STRINGS = NO;
				SWIFT_VERSION = 5.0;
				TARGETED_DEVICE_FAMILY = "1,2";
				TEST_TARGET_NAME = poker_chips;
			};
			name = Debug;
		};
		AC417E942D94A3D900DE068F /* Release */ = {
			isa = XCBuildConfiguration;
			buildSettings = {
				CODE_SIGN_STYLE = Automatic;
				CURRENT_PROJECT_VERSION = 1;
				DEVELOPMENT_TEAM = M4TWZVSUR8;
				GENERATE_INFOPLIST_FILE = YES;
				MARKETING_VERSION = 1.0;
				PRODUCT_BUNDLE_IDENTIFIER = "test.poker-chipsUITests";
				PRODUCT_NAME = "$(TARGET_NAME)";
				SWIFT_EMIT_LOC_STRINGS = NO;
				SWIFT_VERSION = 5.0;
				TARGETED_DEVICE_FAMILY = "1,2";
				TEST_TARGET_NAME = poker_chips;
			};
			name = Release;
		};
/* End XCBuildConfiguration section */

/* Begin XCConfigurationList section */
		AC417E632D94A3D800DE068F /* Build configuration list for PBXProject "poker_chips" */ = {
			isa = XCConfigurationList;
			buildConfigurations = (
				AC417E8A2D94A3D900DE068F /* Debug */,
				AC417E8B2D94A3D900DE068F /* Release */,
			);
			defaultConfigurationIsVisible = 0;
			defaultConfigurationName = Release;
		};
		AC417E8C2D94A3D900DE068F /* Build configuration list for PBXNativeTarget "poker_chips" */ = {
			isa = XCConfigurationList;
			buildConfigurations = (
				AC417E8D2D94A3D900DE068F /* Debug */,
				AC417E8E2D94A3D900DE068F /* Release */,
			);
			defaultConfigurationIsVisible = 0;
			defaultConfigurationName = Release;
		};
		AC417E8F2D94A3D900DE068F /* Build configuration list for PBXNativeTarget "poker_chipsTests" */ = {
			isa = XCConfigurationList;
			buildConfigurations = (
				AC417E902D94A3D900DE068F /* Debug */,
				AC417E912D94A3D900DE068F /* Release */,
			);
			defaultConfigurationIsVisible = 0;
			defaultConfigurationName = Release;
		};
		AC417E922D94A3D900DE068F /* Build configuration list for PBXNativeTarget "poker_chipsUITests" */ = {
			isa = XCConfigurationList;
			buildConfigurations = (
				AC417E932D94A3D900DE068F /* Debug */,
				AC417E942D94A3D900DE068F /* Release */,
			);
			defaultConfigurationIsVisible = 0;
			defaultConfigurationName = Release;
		};
/* End XCConfigurationList section */
	};
	rootObject = AC417E602D94A3D800DE068F /* Project object */;
}
